# THIS IS AN AUTOGENERATED FILE. DO NOT EDIT THIS FILE DIRECTLY.
# yarn lockfile v1


"@algolia/autocomplete-core@1.9.3":
  version "1.9.3"
  resolved "https://registry.npmjs.org/@algolia/autocomplete-core/-/autocomplete-core-1.9.3.tgz"
  integrity sha512-009HdfugtGCdC4JdXUbVJClA0q0zh24yyePn+KUGk3rP7j8FEe/m5Yo/z65gn6nP/cM39PxpzqKrL7A6fP6PPw==
  dependencies:
    "@algolia/autocomplete-plugin-algolia-insights" "1.9.3"
    "@algolia/autocomplete-shared" "1.9.3"

"@algolia/autocomplete-plugin-algolia-insights@1.9.3":
  version "1.9.3"
  resolved "https://registry.npmjs.org/@algolia/autocomplete-plugin-algolia-insights/-/autocomplete-plugin-algolia-insights-1.9.3.tgz"
  integrity sha512-a/yTUkcO/Vyy+JffmAnTWbr4/90cLzw+CC3bRbhnULr/EM0fGNvM13oQQ14f2moLMcVDyAx/leczLlAOovhSZg==
  dependencies:
    "@algolia/autocomplete-shared" "1.9.3"

"@algolia/autocomplete-preset-algolia@1.9.3":
  version "1.9.3"
  resolved "https://registry.npmjs.org/@algolia/autocomplete-preset-algolia/-/autocomplete-preset-algolia-1.9.3.tgz"
  integrity sha512-d4qlt6YmrLMYy95n5TB52wtNDr6EgAIPH81dvvvW8UmuWRgxEtY0NJiPwl/h95JtG2vmRM804M0DSwMCNZlzRA==
  dependencies:
    "@algolia/autocomplete-shared" "1.9.3"

"@algolia/autocomplete-shared@1.9.3":
  version "1.9.3"
  resolved "https://registry.npmjs.org/@algolia/autocomplete-shared/-/autocomplete-shared-1.9.3.tgz"
  integrity sha512-Wnm9E4Ye6Rl6sTTqjoymD+l8DjSTHsHboVRYrKgEt8Q7UHm9nYbqhN/i0fhUYA3OAEH7WA8x3jfpnmJm3rKvaQ==

"@algolia/cache-browser-local-storage@4.24.0":
  version "4.24.0"
  resolved "https://registry.npmjs.org/@algolia/cache-browser-local-storage/-/cache-browser-local-storage-4.24.0.tgz"
  integrity sha512-t63W9BnoXVrGy9iYHBgObNXqYXM3tYXCjDSHeNwnsc324r4o5UiVKUiAB4THQ5z9U5hTj6qUvwg/Ez43ZD85ww==
  dependencies:
    "@algolia/cache-common" "4.24.0"

"@algolia/cache-common@4.24.0":
  version "4.24.0"
  resolved "https://registry.npmjs.org/@algolia/cache-common/-/cache-common-4.24.0.tgz"
  integrity sha512-emi+v+DmVLpMGhp0V9q9h5CdkURsNmFC+cOS6uK9ndeJm9J4TiqSvPYVu+THUP8P/S08rxf5x2P+p3CfID0Y4g==

"@algolia/cache-in-memory@4.24.0":
  version "4.24.0"
  resolved "https://registry.npmjs.org/@algolia/cache-in-memory/-/cache-in-memory-4.24.0.tgz"
  integrity sha512-gDrt2so19jW26jY3/MkFg5mEypFIPbPoXsQGQWAi6TrCPsNOSEYepBMPlucqWigsmEy/prp5ug2jy/N3PVG/8w==
  dependencies:
    "@algolia/cache-common" "4.24.0"

"@algolia/client-account@4.24.0":
  version "4.24.0"
  resolved "https://registry.npmjs.org/@algolia/client-account/-/client-account-4.24.0.tgz"
  integrity sha512-adcvyJ3KjPZFDybxlqnf+5KgxJtBjwTPTeyG2aOyoJvx0Y8dUQAEOEVOJ/GBxX0WWNbmaSrhDURMhc+QeevDsA==
  dependencies:
    "@algolia/client-common" "4.24.0"
    "@algolia/client-search" "4.24.0"
    "@algolia/transporter" "4.24.0"

"@algolia/client-analytics@4.24.0":
  version "4.24.0"
  resolved "https://registry.npmjs.org/@algolia/client-analytics/-/client-analytics-4.24.0.tgz"
  integrity sha512-y8jOZt1OjwWU4N2qr8G4AxXAzaa8DBvyHTWlHzX/7Me1LX8OayfgHexqrsL4vSBcoMmVw2XnVW9MhL+Y2ZDJXg==
  dependencies:
    "@algolia/client-common" "4.24.0"
    "@algolia/client-search" "4.24.0"
    "@algolia/requester-common" "4.24.0"
    "@algolia/transporter" "4.24.0"

"@algolia/client-common@4.24.0":
  version "4.24.0"
  resolved "https://registry.npmjs.org/@algolia/client-common/-/client-common-4.24.0.tgz"
  integrity sha512-bc2ROsNL6w6rqpl5jj/UywlIYC21TwSSoFHKl01lYirGMW+9Eek6r02Tocg4gZ8HAw3iBvu6XQiM3BEbmEMoiA==
  dependencies:
    "@algolia/requester-common" "4.24.0"
    "@algolia/transporter" "4.24.0"

"@algolia/client-common@5.2.5":
  version "5.2.5"
  resolved "https://registry.npmjs.org/@algolia/client-common/-/client-common-5.2.5.tgz"
  integrity sha512-ITE85veJWwClnoNyv7Zydh9U0eKA82cDy8pLw+2hzL+zlzFIvV68ihGOEQ/kXt8N4v+R4MFzvsxnIpMruQzEug==

"@algolia/client-personalization@4.24.0":
  version "4.24.0"
  resolved "https://registry.npmjs.org/@algolia/client-personalization/-/client-personalization-4.24.0.tgz"
  integrity sha512-l5FRFm/yngztweU0HdUzz1rC4yoWCFo3IF+dVIVTfEPg906eZg5BOd1k0K6rZx5JzyyoP4LdmOikfkfGsKVE9w==
  dependencies:
    "@algolia/client-common" "4.24.0"
    "@algolia/requester-common" "4.24.0"
    "@algolia/transporter" "4.24.0"

"@algolia/client-search@>= 4.9.1 < 6":
  version "5.2.5"
  resolved "https://registry.npmjs.org/@algolia/client-search/-/client-search-5.2.5.tgz"
  integrity sha512-OVDLzm5BEUbJmjfMm7b0Xx8vkK+NyEh7whPHuap2qy0x7RxQDLMXjiKsBbt1WNq+9nfX6+M/f2t0CJ8ENVuyYQ==
  dependencies:
    "@algolia/client-common" "5.2.5"
    "@algolia/requester-browser-xhr" "5.2.5"
    "@algolia/requester-node-http" "5.2.5"

"@algolia/client-search@4.24.0":
  version "4.24.0"
  resolved "https://registry.npmjs.org/@algolia/client-search/-/client-search-4.24.0.tgz"
  integrity sha512-uRW6EpNapmLAD0mW47OXqTP8eiIx5F6qN9/x/7HHO6owL3N1IXqydGwW5nhDFBrV+ldouro2W1VX3XlcUXEFCA==
  dependencies:
    "@algolia/client-common" "4.24.0"
    "@algolia/requester-common" "4.24.0"
    "@algolia/transporter" "4.24.0"

"@algolia/logger-common@4.24.0":
  version "4.24.0"
  resolved "https://registry.npmjs.org/@algolia/logger-common/-/logger-common-4.24.0.tgz"
  integrity sha512-LLUNjkahj9KtKYrQhFKCzMx0BY3RnNP4FEtO+sBybCjJ73E8jNdaKJ/Dd8A/VA4imVHP5tADZ8pn5B8Ga/wTMA==

"@algolia/logger-console@4.24.0":
  version "4.24.0"
  resolved "https://registry.npmjs.org/@algolia/logger-console/-/logger-console-4.24.0.tgz"
  integrity sha512-X4C8IoHgHfiUROfoRCV+lzSy+LHMgkoEEU1BbKcsfnV0i0S20zyy0NLww9dwVHUWNfPPxdMU+/wKmLGYf96yTg==
  dependencies:
    "@algolia/logger-common" "4.24.0"

"@algolia/recommend@4.24.0":
  version "4.24.0"
  resolved "https://registry.npmjs.org/@algolia/recommend/-/recommend-4.24.0.tgz"
  integrity sha512-P9kcgerfVBpfYHDfVZDvvdJv0lEoCvzNlOy2nykyt5bK8TyieYyiD0lguIJdRZZYGre03WIAFf14pgE+V+IBlw==
  dependencies:
    "@algolia/cache-browser-local-storage" "4.24.0"
    "@algolia/cache-common" "4.24.0"
    "@algolia/cache-in-memory" "4.24.0"
    "@algolia/client-common" "4.24.0"
    "@algolia/client-search" "4.24.0"
    "@algolia/logger-common" "4.24.0"
    "@algolia/logger-console" "4.24.0"
    "@algolia/requester-browser-xhr" "4.24.0"
    "@algolia/requester-common" "4.24.0"
    "@algolia/requester-node-http" "4.24.0"
    "@algolia/transporter" "4.24.0"

"@algolia/requester-browser-xhr@4.24.0":
  version "4.24.0"
  resolved "https://registry.npmjs.org/@algolia/requester-browser-xhr/-/requester-browser-xhr-4.24.0.tgz"
  integrity sha512-Z2NxZMb6+nVXSjF13YpjYTdvV3032YTBSGm2vnYvYPA6mMxzM3v5rsCiSspndn9rzIW4Qp1lPHBvuoKJV6jnAA==
  dependencies:
    "@algolia/requester-common" "4.24.0"

"@algolia/requester-browser-xhr@5.2.5":
  version "5.2.5"
  resolved "https://registry.npmjs.org/@algolia/requester-browser-xhr/-/requester-browser-xhr-5.2.5.tgz"
  integrity sha512-Ri73PphNy1ceig94xJW9bPdN7uIYFAjpsABpp2Fsun4DmeZD5a4rMCNwwOXXsbC8h+lUzW34zpUf+h4Nk+eaqA==
  dependencies:
    "@algolia/client-common" "5.2.5"

"@algolia/requester-common@4.24.0":
  version "4.24.0"
  resolved "https://registry.npmjs.org/@algolia/requester-common/-/requester-common-4.24.0.tgz"
  integrity sha512-k3CXJ2OVnvgE3HMwcojpvY6d9kgKMPRxs/kVohrwF5WMr2fnqojnycZkxPoEg+bXm8fi5BBfFmOqgYztRtHsQA==

"@algolia/requester-node-http@4.24.0":
  version "4.24.0"
  resolved "https://registry.npmjs.org/@algolia/requester-node-http/-/requester-node-http-4.24.0.tgz"
  integrity sha512-JF18yTjNOVYvU/L3UosRcvbPMGT9B+/GQWNWnenIImglzNVGpyzChkXLnrSf6uxwVNO6ESGu6oN8MqcGQcjQJw==
  dependencies:
    "@algolia/requester-common" "4.24.0"

"@algolia/requester-node-http@5.2.5":
  version "5.2.5"
  resolved "https://registry.npmjs.org/@algolia/requester-node-http/-/requester-node-http-5.2.5.tgz"
  integrity sha512-/tTdEuWcWHSe/mGMomWkuaFDoRcpfl/jvGISVTPRq3pJvM1FPAzxlh2MXge6C30aUS9bxh3V0aWwgKFCilzyMQ==
  dependencies:
    "@algolia/client-common" "5.2.5"

"@algolia/transporter@4.24.0":
  version "4.24.0"
  resolved "https://registry.npmjs.org/@algolia/transporter/-/transporter-4.24.0.tgz"
  integrity sha512-86nI7w6NzWxd1Zp9q3413dRshDqAzSbsQjhcDhPIatEFiZrL1/TjnHL8S7jVKFePlIMzDsZWXAXwXzcok9c5oA==
  dependencies:
    "@algolia/cache-common" "4.24.0"
    "@algolia/logger-common" "4.24.0"
    "@algolia/requester-common" "4.24.0"

"@babel/helper-string-parser@^7.24.8":
  version "7.24.8"
  resolved "https://registry.npmjs.org/@babel/helper-string-parser/-/helper-string-parser-7.24.8.tgz"
  integrity sha512-pO9KhhRcuUyGnJWwyEgnRJTSIZHiT+vMD0kPeD+so0l7mxkMT19g3pjY9GTnHySck/hDzq+dtW/4VgnMkippsQ==

"@babel/helper-validator-identifier@^7.24.7":
  version "7.24.7"
  resolved "https://registry.npmjs.org/@babel/helper-validator-identifier/-/helper-validator-identifier-7.24.7.tgz"
  integrity sha512-rR+PBcQ1SMQDDyF6X0wxtG8QyLCgUB0eRAGguqRLfkCA87l7yAP7ehq8SNj96OOGTO8OBV70KhuFYcIkHXOg0w==

"@babel/parser@^7.25.3":
  version "7.25.6"
  resolved "https://registry.npmjs.org/@babel/parser/-/parser-7.25.6.tgz"
  integrity sha512-trGdfBdbD0l1ZPmcJ83eNxB9rbEax4ALFTF7fN386TMYbeCQbyme5cOEXQhbGXKebwGaB/J52w1mrklMcbgy6Q==
  dependencies:
    "@babel/types" "^7.25.6"

"@babel/types@^7.25.6":
  version "7.25.6"
  resolved "https://registry.npmjs.org/@babel/types/-/types-7.25.6.tgz"
  integrity sha512-/l42B1qxpG6RdfYf343Uw1vmDjeNhneUXtzhojE7pDgfpEypmRhI6j1kr17XCVv4Cgl9HdAiQY2x0GwKm7rWCw==
  dependencies:
    "@babel/helper-string-parser" "^7.24.8"
    "@babel/helper-validator-identifier" "^7.24.7"
    to-fast-properties "^2.0.0"

"@docsearch/css@^3.6.1", "@docsearch/css@3.6.1":
  version "3.6.1"
  resolved "https://registry.npmjs.org/@docsearch/css/-/css-3.6.1.tgz"
  integrity sha512-VtVb5DS+0hRIprU2CO6ZQjK2Zg4QU5HrDM1+ix6rT0umsYvFvatMAnf97NHZlVWDaaLlx7GRfR/7FikANiM2Fg==

"@docsearch/js@^3.6.1":
  version "3.6.1"
  resolved "https://registry.npmjs.org/@docsearch/js/-/js-3.6.1.tgz"
  integrity sha512-erI3RRZurDr1xES5hvYJ3Imp7jtrXj6f1xYIzDzxiS7nNBufYWPbJwrmMqWC5g9y165PmxEmN9pklGCdLi0Iqg==
  dependencies:
    "@docsearch/react" "3.6.1"
    preact "^10.0.0"

"@docsearch/react@3.6.1":
  version "3.6.1"
  resolved "https://registry.npmjs.org/@docsearch/react/-/react-3.6.1.tgz"
  integrity sha512-qXZkEPvybVhSXj0K7U3bXc233tk5e8PfhoZ6MhPOiik/qUQxYC+Dn9DnoS7CxHQQhHfCvTiN0eY9M12oRghEXw==
  dependencies:
    "@algolia/autocomplete-core" "1.9.3"
    "@algolia/autocomplete-preset-algolia" "1.9.3"
    "@docsearch/css" "3.6.1"
    algoliasearch "^4.19.1"

"@esbuild/linux-x64@0.21.5":
  version "0.21.5"
  resolved "https://registry.npmjs.org/@esbuild/linux-x64/-/linux-x64-0.21.5.tgz"
  integrity sha512-1rYdTpyv03iycF1+BhzrzQJCdOuAOtaqHTWJZCWvijKD2N5Xu0TtVC8/+1faWqcP9iBCWOmjmhoH94dH82BxPQ==

"@jridgewell/sourcemap-codec@^1.5.0":
  version "1.5.0"
  resolved "https://registry.npmjs.org/@jridgewell/sourcemap-codec/-/sourcemap-codec-1.5.0.tgz"
  integrity sha512-gv3ZRaISU3fjPAgNsriBRqGWQL6quFx04YMPW/zD8XMLsU32mhCCbfbO6KZFLjvYpCZ8zyDEgqsgf+PwPaM7GQ==

"@rollup/rollup-linux-x64-gnu@4.21.2":
  version "4.21.2"
  resolved "https://registry.npmjs.org/@rollup/rollup-linux-x64-gnu/-/rollup-linux-x64-gnu-4.21.2.tgz"
  integrity sha512-B90tYAUoLhU22olrafY3JQCFLnT3NglazdwkHyxNDYF/zAxJt5fJUB/yBoWFoIQ7SQj+KLe3iL4BhOMa9fzgpw==

"@rollup/rollup-linux-x64-musl@4.21.2":
  version "4.21.2"
  resolved "https://registry.npmjs.org/@rollup/rollup-linux-x64-musl/-/rollup-linux-x64-musl-4.21.2.tgz"
  integrity sha512-7twFizNXudESmC9oneLGIUmoHiiLppz/Xs5uJQ4ShvE6234K0VB1/aJYU3f/4g7PhssLGKBVCC37uRkkOi8wjg==

"@shikijs/core@^1.13.0", "@shikijs/core@1.16.2":
  version "1.16.2"
  resolved "https://registry.npmjs.org/@shikijs/core/-/core-1.16.2.tgz"
  integrity sha512-XSVH5OZCvE4WLMgdoBqfPMYmGHGmCC3OgZhw0S7KcSi2XKZ+5oHGe71GFnTljgdOxvxx5WrRks6QoTLKrl1eAA==
  dependencies:
    "@shikijs/vscode-textmate" "^9.2.0"
    "@types/hast" "^3.0.4"

"@shikijs/transformers@^1.13.0":
  version "1.16.2"
  resolved "https://registry.npmjs.org/@shikijs/transformers/-/transformers-1.16.2.tgz"
  integrity sha512-AR6ANiKwi1dJr5g/W0L+Su4PoHurkHLgtNmesbOFOPGKNQC2BeGU/Z2Ghkl+cUF5PfE+UeLkxUwzpE6H37hTSg==
  dependencies:
    shiki "1.16.2"

"@shikijs/vscode-textmate@^9.2.0":
  version "9.2.0"
  resolved "https://registry.npmjs.org/@shikijs/vscode-textmate/-/vscode-textmate-9.2.0.tgz"
  integrity sha512-5FinaOp6Vdh/dl4/yaOTh0ZeKch+rYS8DUb38V3GMKYVkdqzxw53lViRKUYkVILRiVQT7dcPC7VvAKOR73zVtQ==

"@types/estree@1.0.5":
  version "1.0.5"
  resolved "https://registry.npmjs.org/@types/estree/-/estree-1.0.5.tgz"
  integrity sha512-/kYRxGDLWzHOB7q+wtSUQlFrtcdUccpfy+X+9iMBpHK8QLLhx2wIPYuS5DYtR9Wa/YlZAbIovy7qVdB1Aq6Lyw==

"@types/hast@^3.0.4":
  version "3.0.4"
  resolved "https://registry.npmjs.org/@types/hast/-/hast-3.0.4.tgz"
  integrity sha512-WPs+bbQw5aCj+x6laNGWLH3wviHtoCv/P3+otBhbOhJgG8qtpdAMlTCxLtsTWA7LH1Oh/bFCHsBn0TPS5m30EQ==
  dependencies:
    "@types/unist" "*"

"@types/linkify-it@^5":
  version "5.0.0"
  resolved "https://registry.npmjs.org/@types/linkify-it/-/linkify-it-5.0.0.tgz"
  integrity sha512-sVDA58zAw4eWAffKOaQH5/5j3XeayukzDk+ewSsnv3p4yJEZHCCzMDiZM8e0OUrRvmpGZ85jf4yDHkHsgBNr9Q==

"@types/markdown-it@^14.1.2":
  version "14.1.2"
  resolved "https://registry.npmjs.org/@types/markdown-it/-/markdown-it-14.1.2.tgz"
  integrity sha512-promo4eFwuiW+TfGxhi+0x3czqTYJkG8qB17ZUJiVF10Xm7NLVRSLUsfRTU/6h1e24VvRnXCx+hG7li58lkzog==
  dependencies:
    "@types/linkify-it" "^5"
    "@types/mdurl" "^2"

"@types/mdurl@^2":
  version "2.0.0"
  resolved "https://registry.npmjs.org/@types/mdurl/-/mdurl-2.0.0.tgz"
  integrity sha512-RGdgjQUZba5p6QEFAVx2OGb8rQDL/cPRG7GiedRzMcJ1tYnUANBncjbSB1NRGwbvjcPeikRABz2nshyPk1bhWg==

"@types/unist@*":
  version "3.0.3"
  resolved "https://registry.npmjs.org/@types/unist/-/unist-3.0.3.tgz"
  integrity sha512-ko/gIFJRv177XgZsZcBwnqJN5x/Gien8qNOn0D5bQU/zAzVf9Zt3BlcUiLqhV9y4ARk0GbT3tnUiPNgnTXzc/Q==

"@types/web-bluetooth@^0.0.20":
  version "0.0.20"
  resolved "https://registry.npmjs.org/@types/web-bluetooth/-/web-bluetooth-0.0.20.tgz"
  integrity sha512-g9gZnnXVq7gM7v3tJCWV/qw7w+KeOlSHAhgF9RytFyifW6AF61hdT2ucrYhPq9hLs5JIryeupHV3qGk95dH9ow==

"@vitejs/plugin-vue@^5.1.2":
  version "5.1.3"
  resolved "https://registry.npmjs.org/@vitejs/plugin-vue/-/plugin-vue-5.1.3.tgz"
  integrity sha512-3xbWsKEKXYlmX82aOHufFQVnkbMC/v8fLpWwh6hWOUrK5fbbtBh9Q/WWse27BFgSy2/e2c0fz5Scgya9h2GLhw==

"@vue/compiler-core@3.5.2":
  version "3.5.2"
  resolved "https://registry.npmjs.org/@vue/compiler-core/-/compiler-core-3.5.2.tgz"
  integrity sha512-1aP7FL2GkqfcskHWGg3lfWQpJnrmewKc+rNJ/hq9WNaAw4BEyJ5QbNChnqmbw+tJ409zdy1XWmUeXXMrCKJcQQ==
  dependencies:
    "@babel/parser" "^7.25.3"
    "@vue/shared" "3.5.2"
    entities "^4.5.0"
    estree-walker "^2.0.2"
    source-map-js "^1.2.0"

"@vue/compiler-dom@3.5.2":
  version "3.5.2"
  resolved "https://registry.npmjs.org/@vue/compiler-dom/-/compiler-dom-3.5.2.tgz"
  integrity sha512-QY4DpT8ZIUyu/ZA5gErpSEDocGNEbHmpkZIC/d5jbp/rUF0iOJNigAy3HCCKc0PMMhDlrcysO3ufQ6Ab4MpEcQ==
  dependencies:
    "@vue/compiler-core" "3.5.2"
    "@vue/shared" "3.5.2"

"@vue/compiler-sfc@3.5.2":
  version "3.5.2"
  resolved "https://registry.npmjs.org/@vue/compiler-sfc/-/compiler-sfc-3.5.2.tgz"
  integrity sha512-vErEtybSU290LbMW+ChYllI9tNJEdTW1oU+8cZWINZyjlWeTSa9YqDl4/pZJSnozOI+HmcaC1Vz2eFKmXNSXZA==
  dependencies:
    "@babel/parser" "^7.25.3"
    "@vue/compiler-core" "3.5.2"
    "@vue/compiler-dom" "3.5.2"
    "@vue/compiler-ssr" "3.5.2"
    "@vue/shared" "3.5.2"
    estree-walker "^2.0.2"
    magic-string "^0.30.11"
    postcss "^8.4.44"
    source-map-js "^1.2.0"

"@vue/compiler-ssr@3.5.2":
  version "3.5.2"
  resolved "https://registry.npmjs.org/@vue/compiler-ssr/-/compiler-ssr-3.5.2.tgz"
  integrity sha512-vMtA4tQK/AM3UAYJsmouQzQpgG+h9TKiD5BV+Zt+ZyAMdicxzSEEFGWf/CykRnDpqj9fMfIHPhOezJVNxiXe2A==
  dependencies:
    "@vue/compiler-dom" "3.5.2"
    "@vue/shared" "3.5.2"

"@vue/devtools-api@^7.3.8":
  version "7.4.4"
  resolved "https://registry.npmjs.org/@vue/devtools-api/-/devtools-api-7.4.4.tgz"
  integrity sha512-Iqqy9yBFWBbPb/jHlJzU/OrU+iHSJ/e9p/v5pZhm/L5pUCX26z32bvvjPa28vMXxRehbAZTgX8zovOeqBTnhdg==
  dependencies:
    "@vue/devtools-kit" "^7.4.4"

"@vue/devtools-kit@^7.4.4":
  version "7.4.4"
  resolved "https://registry.npmjs.org/@vue/devtools-kit/-/devtools-kit-7.4.4.tgz"
  integrity sha512-awK/4NfsUG0nQ7qnTM37m7ZkEUMREyPh8taFCX+uQYps/MTFEum0AD05VeGDRMXwWvMmGIcWX9xp8ZiBddY0jw==
  dependencies:
    "@vue/devtools-shared" "^7.4.4"
    birpc "^0.2.17"
    hookable "^5.5.3"
    mitt "^3.0.1"
    perfect-debounce "^1.0.0"
    speakingurl "^14.0.1"
    superjson "^2.2.1"

"@vue/devtools-shared@^7.4.4":
  version "7.4.4"
  resolved "https://registry.npmjs.org/@vue/devtools-shared/-/devtools-shared-7.4.4.tgz"
  integrity sha512-yeJULXFHOKIm8yL2JFO050a9ztTVqOCKTqN9JHFxGTJN0b+gjtfn6zC+FfyHUgjwCwf6E3hfKrlohtthcqoYqw==
  dependencies:
    rfdc "^1.4.1"

"@vue/reactivity@3.5.2":
  version "3.5.2"
  resolved "https://registry.npmjs.org/@vue/reactivity/-/reactivity-3.5.2.tgz"
  integrity sha512-lJwWL5bNht+2vIwU/+lnGdH+FKFxzz6z8WkoIJityPLiasWU+HDUvEsC7gm3JFwbTf7Kk+Nr9kJMaPy0HXwwxQ==
  dependencies:
    "@vue/shared" "3.5.2"

"@vue/runtime-core@3.5.2":
  version "3.5.2"
  resolved "https://registry.npmjs.org/@vue/runtime-core/-/runtime-core-3.5.2.tgz"
  integrity sha512-oU+i9sJjGEMfEhlrJ7SZv7CdSIgUNyBHnWHa0SqU2RF48V3/ATajzpWq1/DkiVJ1mtx+cQFAMKs8s/3cB3YlLQ==
  dependencies:
    "@vue/reactivity" "3.5.2"
    "@vue/shared" "3.5.2"

"@vue/runtime-dom@3.5.2":
  version "3.5.2"
  resolved "https://registry.npmjs.org/@vue/runtime-dom/-/runtime-dom-3.5.2.tgz"
  integrity sha512-2qvysn+oR0QnFKaWZxQ90iVpWAK/WPpYmODHCv24IDXjsBrdHbjLBj9s6YBdPaMuQhs0LNsmhsgZYZBkszLg6g==
  dependencies:
    "@vue/reactivity" "3.5.2"
    "@vue/runtime-core" "3.5.2"
    "@vue/shared" "3.5.2"
    csstype "^3.1.3"

"@vue/server-renderer@3.5.2":
  version "3.5.2"
  resolved "https://registry.npmjs.org/@vue/server-renderer/-/server-renderer-3.5.2.tgz"
  integrity sha512-3POhYCA8KfbmuDuUiNbMXnpdh9pwE4SvAqo7VvACjklLkf3AaMkY3TvV7APeEa/WQezrnL+E4X2ASpJsKeS4cQ==
  dependencies:
    "@vue/compiler-ssr" "3.5.2"
    "@vue/shared" "3.5.2"

"@vue/shared@^3.4.38", "@vue/shared@3.5.2":
  version "3.5.2"
  resolved "https://registry.npmjs.org/@vue/shared/-/shared-3.5.2.tgz"
  integrity sha512-Ce89WNFBzcDca/AgFTxgX4/K4iAyF7oFIp8Z5aBbFBNbtpwnQr+5pZOoHndxnjE2h+YFcipVMzs9UL11XB6dwA==

"@vueuse/core@^11.0.0", "@vueuse/core@11.0.3":
  version "11.0.3"
  resolved "https://registry.npmjs.org/@vueuse/core/-/core-11.0.3.tgz"
  integrity sha512-RENlh64+SYA9XMExmmH1a3TPqeIuJBNNB/63GT35MZI+zpru3oMRUA6cEFr9HmGqEgUisurwGwnIieF6qu3aXw==
  dependencies:
    "@types/web-bluetooth" "^0.0.20"
    "@vueuse/metadata" "11.0.3"
    "@vueuse/shared" "11.0.3"
    vue-demi ">=0.14.10"

"@vueuse/integrations@^11.0.0":
  version "11.0.3"
  resolved "https://registry.npmjs.org/@vueuse/integrations/-/integrations-11.0.3.tgz"
  integrity sha512-w6CDisaxs19S5Fd+NPPLFaA3GoX5gxuxrbTTBu0EYap7oH13w75L6C/+7e9mcoF9akhcR6GyYajwVMQEjdapJg==
  dependencies:
    "@vueuse/core" "11.0.3"
    "@vueuse/shared" "11.0.3"
    vue-demi ">=0.14.10"

"@vueuse/metadata@11.0.3":
  version "11.0.3"
  resolved "https://registry.npmjs.org/@vueuse/metadata/-/metadata-11.0.3.tgz"
  integrity sha512-+FtbO4SD5WpsOcQTcC0hAhNlOid6QNLzqedtquTtQ+CRNBoAt9GuV07c6KNHK1wCmlq8DFPwgiLF2rXwgSHX5Q==

"@vueuse/shared@11.0.3":
  version "11.0.3"
  resolved "https://registry.npmjs.org/@vueuse/shared/-/shared-11.0.3.tgz"
  integrity sha512-0rY2m6HS5t27n/Vp5cTDsKTlNnimCqsbh/fmT2LgE+aaU42EMfXo8+bNX91W9I7DDmxfuACXMmrd7d79JxkqWA==
  dependencies:
    vue-demi ">=0.14.10"

algoliasearch@^4.19.1, "algoliasearch@>= 4.9.1 < 6":
  version "4.24.0"
  resolved "https://registry.npmjs.org/algoliasearch/-/algoliasearch-4.24.0.tgz"
  integrity sha512-bf0QV/9jVejssFBmz2HQLxUadxk574t4iwjCKp5E7NBzwKkrDEhKPISIIjAU/p6K5qDx3qoeh4+26zWN1jmw3g==
  dependencies:
    "@algolia/cache-browser-local-storage" "4.24.0"
    "@algolia/cache-common" "4.24.0"
    "@algolia/cache-in-memory" "4.24.0"
    "@algolia/client-account" "4.24.0"
    "@algolia/client-analytics" "4.24.0"
    "@algolia/client-common" "4.24.0"
    "@algolia/client-personalization" "4.24.0"
    "@algolia/client-search" "4.24.0"
    "@algolia/logger-common" "4.24.0"
    "@algolia/logger-console" "4.24.0"
    "@algolia/recommend" "4.24.0"
    "@algolia/requester-browser-xhr" "4.24.0"
    "@algolia/requester-common" "4.24.0"
    "@algolia/requester-node-http" "4.24.0"
    "@algolia/transporter" "4.24.0"

birpc@^0.2.17:
  version "0.2.17"
  resolved "https://registry.npmjs.org/birpc/-/birpc-0.2.17.tgz"
  integrity sha512-+hkTxhot+dWsLpp3gia5AkVHIsKlZybNT5gIYiDlNzJrmYPcTM9k5/w2uaj3IPpd7LlEYpmCj4Jj1nC41VhDFg==

copy-anything@^3.0.2:
  version "3.0.5"
  resolved "https://registry.npmjs.org/copy-anything/-/copy-anything-3.0.5.tgz"
  integrity sha512-yCEafptTtb4bk7GLEQoM8KVJpxAfdBJYaXyzQEgQQQgYrZiDp8SJmGKlYza6CYjEDNstAdNdKA3UuoULlEbS6w==
  dependencies:
    is-what "^4.1.8"

csstype@^3.1.3:
  version "3.1.3"
  resolved "https://registry.npmjs.org/csstype/-/csstype-3.1.3.tgz"
  integrity sha512-M1uQkMl8rQK/szD0LNhtqxIPLpimGm8sOBwU7lLnCpSbTyY3yeU1Vc7l4KT5zT4s/yOxHH5O7tIuuLOCnLADRw==

entities@^4.5.0:
  version "4.5.0"
  resolved "https://registry.npmjs.org/entities/-/entities-4.5.0.tgz"
  integrity sha512-V0hjH4dGPh9Ao5p0MoRY6BVqtwCjhz6vI5LT8AJ55H+4g9/4vbHx1I54fS0XuclLhDHArPQCiMjDxjaL8fPxhw==

esbuild@^0.21.3:
  version "0.21.5"
  resolved "https://registry.npmjs.org/esbuild/-/esbuild-0.21.5.tgz"
  integrity sha512-mg3OPMV4hXywwpoDxu3Qda5xCKQi+vCTZq8S9J/EpkhB2HzKXq4SNFZE3+NK93JYxc8VMSep+lOUSC/RVKaBqw==
  optionalDependencies:
    "@esbuild/aix-ppc64" "0.21.5"
    "@esbuild/android-arm" "0.21.5"
    "@esbuild/android-arm64" "0.21.5"
    "@esbuild/android-x64" "0.21.5"
    "@esbuild/darwin-arm64" "0.21.5"
    "@esbuild/darwin-x64" "0.21.5"
    "@esbuild/freebsd-arm64" "0.21.5"
    "@esbuild/freebsd-x64" "0.21.5"
    "@esbuild/linux-arm" "0.21.5"
    "@esbuild/linux-arm64" "0.21.5"
    "@esbuild/linux-ia32" "0.21.5"
    "@esbuild/linux-loong64" "0.21.5"
    "@esbuild/linux-mips64el" "0.21.5"
    "@esbuild/linux-ppc64" "0.21.5"
    "@esbuild/linux-riscv64" "0.21.5"
    "@esbuild/linux-s390x" "0.21.5"
    "@esbuild/linux-x64" "0.21.5"
    "@esbuild/netbsd-x64" "0.21.5"
    "@esbuild/openbsd-x64" "0.21.5"
    "@esbuild/sunos-x64" "0.21.5"
    "@esbuild/win32-arm64" "0.21.5"
    "@esbuild/win32-ia32" "0.21.5"
    "@esbuild/win32-x64" "0.21.5"

estree-walker@^2.0.2:
  version "2.0.2"
  resolved "https://registry.npmjs.org/estree-walker/-/estree-walker-2.0.2.tgz"
  integrity sha512-Rfkk/Mp/DL7JVje3u18FxFujQlTNR2q6QfMSMB7AvCBx91NGj/ba3kCfza0f6dVDbw7YlRf/nDrn7pQrCCyQ/w==

focus-trap@^7, focus-trap@^7.5.4:
  version "7.5.4"
  resolved "https://registry.npmjs.org/focus-trap/-/focus-trap-7.5.4.tgz"
  integrity sha512-N7kHdlgsO/v+iD/dMoJKtsSqs5Dz/dXZVebRgJw23LDk+jMi/974zyiOYDziY2JPp8xivq9BmUGwIJMiuSBi7w==
  dependencies:
    tabbable "^6.2.0"

hookable@^5.5.3:
  version "5.5.3"
  resolved "https://registry.npmjs.org/hookable/-/hookable-5.5.3.tgz"
  integrity sha512-Yc+BQe8SvoXH1643Qez1zqLRmbA5rCL+sSmk6TVos0LWVfNIB7PGncdlId77WzLGSIB5KaWgTaNTs2lNVEI6VQ==

is-what@^4.1.8:
  version "4.1.16"
  resolved "https://registry.npmjs.org/is-what/-/is-what-4.1.16.tgz"
  integrity sha512-ZhMwEosbFJkA0YhFnNDgTM4ZxDRsS6HqTo7qsZM08fehyRYIYa0yHu5R6mgo1n/8MgaPBXiPimPD77baVFYg+A==

magic-string@^0.30.11:
  version "0.30.11"
  resolved "https://registry.npmjs.org/magic-string/-/magic-string-0.30.11.tgz"
  integrity sha512-+Wri9p0QHMy+545hKww7YAu5NyzF8iomPL/RQazugQ9+Ez4Ic3mERMd8ZTX5rfK944j+560ZJi8iAwgak1Ac7A==
  dependencies:
    "@jridgewell/sourcemap-codec" "^1.5.0"

mark.js@8.11.1:
  version "8.11.1"
  resolved "https://registry.npmjs.org/mark.js/-/mark.js-8.11.1.tgz"
  integrity sha512-1I+1qpDt4idfgLQG+BNWmrqku+7/2bi5nLf4YwF8y8zXvmfiTBY3PV3ZibfrjBueCByROpuBjLLFCajqkgYoLQ==

minisearch@^7.1.0:
  version "7.1.0"
  resolved "https://registry.npmjs.org/minisearch/-/minisearch-7.1.0.tgz"
  integrity sha512-tv7c/uefWdEhcu6hvrfTihflgeEi2tN6VV7HJnCjK6VxM75QQJh4t9FwJCsA2EsRS8LCnu3W87CuGPWMocOLCA==

mitt@^3.0.1:
  version "3.0.1"
  resolved "https://registry.npmjs.org/mitt/-/mitt-3.0.1.tgz"
  integrity sha512-vKivATfr97l2/QBCYAkXYDbrIWPM2IIKEl7YPhjCvKlG3kE2gm+uBo6nEXK3M5/Ffh/FLpKExzOQ3JJoJGFKBw==

nanoid@^3.3.7:
  version "3.3.7"
  resolved "https://registry.npmjs.org/nanoid/-/nanoid-3.3.7.tgz"
  integrity sha512-eSRppjcPIatRIMC1U6UngP8XFcz8MQWGQdt1MTBQ7NaAmvXDfvNxbvWV3x2y6CdEUciCSsDHDQZbhYaB8QEo2g==

perfect-debounce@^1.0.0:
  version "1.0.0"
  resolved "https://registry.npmjs.org/perfect-debounce/-/perfect-debounce-1.0.0.tgz"
  integrity sha512-xCy9V055GLEqoFaHoC1SoLIaLmWctgCUaBaWxDZ7/Zx4CTyX7cJQLJOok/orfjZAh9kEYpjJa4d0KcJmCbctZA==

picocolors@^1.0.1:
  version "1.1.0"
  resolved "https://registry.npmjs.org/picocolors/-/picocolors-1.1.0.tgz"
  integrity sha512-TQ92mBOW0l3LeMeyLV6mzy/kWr8lkd/hp3mTg7wYK7zJhuBStmGMBG0BdeDZS/dZx1IukaX6Bk11zcln25o1Aw==

postcss@^8, postcss@^8.4.43, postcss@^8.4.44:
  version "8.4.45"
  resolved "https://registry.npmjs.org/postcss/-/postcss-8.4.45.tgz"
  integrity sha512-7KTLTdzdZZYscUc65XmjFiB73vBhBfbPztCYdUNvlaso9PrzjzcmjqBPR0lNGkcVlcO4BjiO5rK/qNz+XAen1Q==
  dependencies:
    nanoid "^3.3.7"
    picocolors "^1.0.1"
    source-map-js "^1.2.0"

preact@^10.0.0:
  version "10.23.2"
  resolved "https://registry.npmjs.org/preact/-/preact-10.23.2.tgz"
  integrity sha512-kKYfePf9rzKnxOAKDpsWhg/ysrHPqT+yQ7UW4JjdnqjFIeNUnNcEJvhuA8fDenxAGWzUqtd51DfVg7xp/8T9NA==

rfdc@^1.4.1:
  version "1.4.1"
  resolved "https://registry.npmjs.org/rfdc/-/rfdc-1.4.1.tgz"
  integrity sha512-q1b3N5QkRUWUl7iyylaaj3kOpIT0N2i9MqIEQXP73GVsN9cw3fdx8X63cEmWhJGi2PPCF23Ijp7ktmd39rawIA==

rollup@^4.20.0:
  version "4.21.2"
  resolved "https://registry.npmjs.org/rollup/-/rollup-4.21.2.tgz"
  integrity sha512-e3TapAgYf9xjdLvKQCkQTnbTKd4a6jwlpQSJJFokHGaX2IVjoEqkIIhiQfqsi0cdwlOD+tQGuOd5AJkc5RngBw==
  dependencies:
    "@types/estree" "1.0.5"
  optionalDependencies:
    "@rollup/rollup-android-arm-eabi" "4.21.2"
    "@rollup/rollup-android-arm64" "4.21.2"
    "@rollup/rollup-darwin-arm64" "4.21.2"
    "@rollup/rollup-darwin-x64" "4.21.2"
    "@rollup/rollup-linux-arm-gnueabihf" "4.21.2"
    "@rollup/rollup-linux-arm-musleabihf" "4.21.2"
    "@rollup/rollup-linux-arm64-gnu" "4.21.2"
    "@rollup/rollup-linux-arm64-musl" "4.21.2"
    "@rollup/rollup-linux-powerpc64le-gnu" "4.21.2"
    "@rollup/rollup-linux-riscv64-gnu" "4.21.2"
    "@rollup/rollup-linux-s390x-gnu" "4.21.2"
    "@rollup/rollup-linux-x64-gnu" "4.21.2"
    "@rollup/rollup-linux-x64-musl" "4.21.2"
    "@rollup/rollup-win32-arm64-msvc" "4.21.2"
    "@rollup/rollup-win32-ia32-msvc" "4.21.2"
    "@rollup/rollup-win32-x64-msvc" "4.21.2"
    fsevents "~2.3.2"

"search-insights@>= 1 < 3":
  version "2.17.1"
  resolved "https://registry.npmjs.org/search-insights/-/search-insights-2.17.1.tgz"
  integrity sha512-HHFjYH/0AqXacETlIbe9EYc3UNlQYGNNTY0fZ/sWl6SweX+GDxq9NB5+RVoPLgEFuOtCz7M9dhYxqDnhbbF0eQ==

shiki@^1.13.0, shiki@1.16.2:
  version "1.16.2"
  resolved "https://registry.npmjs.org/shiki/-/shiki-1.16.2.tgz"
  integrity sha512-gSym0hZf5a1U0iDPsdoOAZbvoi+e0c6c3NKAi03FoSLTm7oG20tum29+gk0wzzivOasn3loxfGUPT+jZXIUbWg==
  dependencies:
    "@shikijs/core" "1.16.2"
    "@shikijs/vscode-textmate" "^9.2.0"
    "@types/hast" "^3.0.4"

source-map-js@^1.2.0:
  version "1.2.0"
  resolved "https://registry.npmjs.org/source-map-js/-/source-map-js-1.2.0.tgz"
  integrity sha512-itJW8lvSA0TXEphiRoawsCksnlf8SyvmFzIhltqAHluXd88pkCd+cXJVHTDwdCr0IzwptSm035IHQktUu1QUMg==

speakingurl@^14.0.1:
  version "14.0.1"
  resolved "https://registry.npmjs.org/speakingurl/-/speakingurl-14.0.1.tgz"
  integrity sha512-1POYv7uv2gXoyGFpBCmpDVSNV74IfsWlDW216UPjbWufNf+bSU6GdbDsxdcxtfwb4xlI3yxzOTKClUosxARYrQ==

superjson@^2.2.1:
  version "2.2.1"
  resolved "https://registry.npmjs.org/superjson/-/superjson-2.2.1.tgz"
  integrity sha512-8iGv75BYOa0xRJHK5vRLEjE2H/i4lulTjzpUXic3Eg8akftYjkmQDa8JARQ42rlczXyFR3IeRoeFCc7RxHsYZA==
  dependencies:
    copy-anything "^3.0.2"

tabbable@^6.2.0:
  version "6.2.0"
  resolved "https://registry.npmjs.org/tabbable/-/tabbable-6.2.0.tgz"
  integrity sha512-Cat63mxsVJlzYvN51JmVXIgNoUokrIaT2zLclCXjRd8boZ0004U4KCs/sToJ75C6sdlByWxpYnb5Boif1VSFew==

to-fast-properties@^2.0.0:
  version "2.0.0"
  resolved "https://registry.npmjs.org/to-fast-properties/-/to-fast-properties-2.0.0.tgz"
  integrity sha512-/OaKK0xYrs3DmxRYqL/yDc+FxFUVYhDlXMhRmv3z915w2HF1tnN1omB354j8VUGO/hbRzyD6Y3sA7v7GS/ceog==

vite@^5.0.0, vite@^5.4.1:
  version "5.4.3"
  resolved "https://registry.npmjs.org/vite/-/vite-5.4.3.tgz"
  integrity sha512-IH+nl64eq9lJjFqU+/yrRnrHPVTlgy42/+IzbOdaFDVlyLgI/wDlf+FCobXLX1cT0X5+7LMyH1mIy2xJdLfo8Q==
  dependencies:
    esbuild "^0.21.3"
    postcss "^8.4.43"
    rollup "^4.20.0"
  optionalDependencies:
    fsevents "~2.3.3"

vitepress@latest:
  version "1.3.4"
  resolved "https://registry.npmjs.org/vitepress/-/vitepress-1.3.4.tgz"
  integrity sha512-I1/F6OW1xl3kW4PaIMC6snxjWgf3qfziq2aqsDoFc/Gt41WbcRv++z8zjw8qGRIJ+I4bUW7ZcKFDHHN/jkH9DQ==
  dependencies:
    "@docsearch/css" "^3.6.1"
    "@docsearch/js" "^3.6.1"
    "@shikijs/core" "^1.13.0"
    "@shikijs/transformers" "^1.13.0"
    "@types/markdown-it" "^14.1.2"
    "@vitejs/plugin-vue" "^5.1.2"
    "@vue/devtools-api" "^7.3.8"
    "@vue/shared" "^3.4.38"
    "@vueuse/core" "^11.0.0"
    "@vueuse/integrations" "^11.0.0"
    focus-trap "^7.5.4"
    mark.js "8.11.1"
    minisearch "^7.1.0"
    shiki "^1.13.0"
    vite "^5.4.1"
    vue "^3.4.38"

vue-demi@>=0.14.10:
  version "0.14.10"
  resolved "https://registry.npmjs.org/vue-demi/-/vue-demi-0.14.10.tgz"
  integrity sha512-nMZBOwuzabUO0nLgIcc6rycZEebF6eeUfaiQx9+WSk8e29IbLvPU9feI6tqW4kTo3hvoYAJkMh8n8D0fuISphg==

"vue@^3.0.0-0 || ^2.6.0", vue@^3.2.25, vue@^3.4.38, vue@3.5.2:
  version "3.5.2"
  resolved "https://registry.npmjs.org/vue/-/vue-3.5.2.tgz"
  integrity sha512-w1YB4lAwC9ByH6AnFY0JvZF+y70Usul9jDfKIKtM5xA97q/JPS5R7mqq0fhA6D2PQxYPZdgb5jzFKLyOga5pnw==
  dependencies:
    "@vue/compiler-dom" "3.5.2"
    "@vue/compiler-sfc" "3.5.2"
    "@vue/runtime-dom" "3.5.2"
    "@vue/server-renderer" "3.5.2"
    "@vue/shared" "3.5.2"
